
Microsoft Visual Studio Solution File, Format Version 12.00
# Visual Studio Version 16
VisualStudioVersion = 16.0.28729.10
MinimumVisualStudioVersion = 10.0.40219.1
Project("{FAE04EC0-301F-11D3-BF4B-00C04F79EFBC}") = "DepthFirstSearch", "DepthFirstSearch\DepthFirstSearch.csproj", "{1D41CBEF-3ED8-4DE0-B8AD-306A3A8257DD}"
EndProject
Global
	GlobalSection(SolutionConfigurationPlatforms) = preSolution
		Debug|Any CPU = Debug|Any CPU
		Release|Any CPU = Release|Any CPU
	EndGlobalSection
	GlobalSection(ProjectConfigurationPlatforms) = postSolution
		{1D41CBEF-3ED8-4DE0-B8AD-306A3A8257DD}.Debug|Any CPU.ActiveCfg = Debug|Any CPU
		{1D41CBEF-3ED8-4DE0-B8AD-306A3A8257DD}.Debug|Any CPU.Build.0 = Debug|Any CPU
		{1D41CBEF-3ED8-4DE0-B8AD-306A3A8257DD}.Release|Any CPU.ActiveCfg = Release|Any CPU
		{1D41CBEF-3ED8-4DE0-B8AD-306A3A8257DD}.Release|Any CPU.Build.0 = Release|Any CPU
	EndGlobalSection
	GlobalSection(SolutionProperties) = preSolution
		HideSolutionNode = FALSE
	EndGlobalSection
	GlobalSection(ExtensibilityGlobals) = postSolution
		SolutionGuid = {34406CD4-7C0C-4676-BC5C-5AF5FEF36CCD}
	EndGlobalSection
EndGlobal
