
Microsoft Visual Studio Solution File, Format Version 12.00
# Visual Studio 15
VisualStudioVersion = 15.0.28307.271
MinimumVisualStudioVersion = 10.0.40219.1
Project("{FAE04EC0-301F-11D3-BF4B-00C04F79EFBC}") = "ErrorHandlingRefOut", "ErrorHandlingRefOut\ErrorHandlingRefOut.csproj", "{78F0E407-A490-4768-88C3-DD4E95827527}"
EndProject
Global
	GlobalSection(SolutionConfigurationPlatforms) = preSolution
		Debug|Any CPU = Debug|Any CPU
		Release|Any CPU = Release|Any CPU
	EndGlobalSection
	GlobalSection(ProjectConfigurationPlatforms) = postSolution
		{78F0E407-A490-4768-88C3-DD4E95827527}.Debug|Any CPU.ActiveCfg = Debug|Any CPU
		{78F0E407-A490-4768-88C3-DD4E95827527}.Debug|Any CPU.Build.0 = Debug|Any CPU
		{78F0E407-A490-4768-88C3-DD4E95827527}.Release|Any CPU.ActiveCfg = Release|Any CPU
		{78F0E407-A490-4768-88C3-DD4E95827527}.Release|Any CPU.Build.0 = Release|Any CPU
	EndGlobalSection
	GlobalSection(SolutionProperties) = preSolution
		HideSolutionNode = FALSE
	EndGlobalSection
	GlobalSection(ExtensibilityGlobals) = postSolution
		SolutionGuid = {E4F8D251-6746-4AC7-AC40-43BA6226C870}
	EndGlobalSection
EndGlobal
