
Microsoft Visual Studio Solution File, Format Version 12.00
# Visual Studio Version 16
VisualStudioVersion = 16.0.28729.10
MinimumVisualStudioVersion = 10.0.40219.1
Project("{FAE04EC0-301F-11D3-BF4B-00C04F79EFBC}") = "AsyncSalesViewer", "AsyncSalesViewer\AsyncSalesViewer.csproj", "{A9C0F448-8102-464E-B6EA-B829A175A085}"
EndProject
Global
	GlobalSection(SolutionConfigurationPlatforms) = preSolution
		Debug|Any CPU = Debug|Any CPU
		Release|Any CPU = Release|Any CPU
	EndGlobalSection
	GlobalSection(ProjectConfigurationPlatforms) = postSolution
		{A9C0F448-8102-464E-B6EA-B829A175A085}.Debug|Any CPU.ActiveCfg = Debug|Any CPU
		{A9C0F448-8102-464E-B6EA-B829A175A085}.Debug|Any CPU.Build.0 = Debug|Any CPU
		{A9C0F448-8102-464E-B6EA-B829A175A085}.Release|Any CPU.ActiveCfg = Release|Any CPU
		{A9C0F448-8102-464E-B6EA-B829A175A085}.Release|Any CPU.Build.0 = Release|Any CPU
	EndGlobalSection
	GlobalSection(SolutionProperties) = preSolution
		HideSolutionNode = FALSE
	EndGlobalSection
	GlobalSection(ExtensibilityGlobals) = postSolution
		SolutionGuid = {B2FBF591-1EB0-44D2-B6A1-AAF407D2AAA0}
	EndGlobalSection
EndGlobal
