
Microsoft Visual Studio Solution File, Format Version 12.00
# Visual Studio 15
VisualStudioVersion = 15.0.28307.271
MinimumVisualStudioVersion = 10.0.40219.1
Project("{FAE04EC0-301F-11D3-BF4B-00C04F79EFBC}") = "FileManipulationSuite", "FileManipulationSuite\FileManipulationSuite.csproj", "{1EB95AAD-6497-494D-AFF9-2B105C0400C3}"
EndProject
Global
	GlobalSection(SolutionConfigurationPlatforms) = preSolution
		Debug|Any CPU = Debug|Any CPU
		Release|Any CPU = Release|Any CPU
	EndGlobalSection
	GlobalSection(ProjectConfigurationPlatforms) = postSolution
		{1EB95AAD-6497-494D-AFF9-2B105C0400C3}.Debug|Any CPU.ActiveCfg = Debug|Any CPU
		{1EB95AAD-6497-494D-AFF9-2B105C0400C3}.Debug|Any CPU.Build.0 = Debug|Any CPU
		{1EB95AAD-6497-494D-AFF9-2B105C0400C3}.Release|Any CPU.ActiveCfg = Release|Any CPU
		{1EB95AAD-6497-494D-AFF9-2B105C0400C3}.Release|Any CPU.Build.0 = Release|Any CPU
	EndGlobalSection
	GlobalSection(SolutionProperties) = preSolution
		HideSolutionNode = FALSE
	EndGlobalSection
	GlobalSection(ExtensibilityGlobals) = postSolution
		SolutionGuid = {17BB0E73-178D-49A6-9C45-033931024CFB}
	EndGlobalSection
EndGlobal
