
Microsoft Visual Studio Solution File, Format Version 12.00
# Visual Studio 15
VisualStudioVersion = 15.0.28307.271
MinimumVisualStudioVersion = 10.0.40219.1
Project("{FAE04EC0-301F-11D3-BF4B-00C04F79EFBC}") = "WinformsTest", "WinformsTest\WinformsTest.csproj", "{7BD6E1ED-A37F-4995-8A5C-964A36878023}"
EndProject
Global
	GlobalSection(SolutionConfigurationPlatforms) = preSolution
		Debug|Any CPU = Debug|Any CPU
		Release|Any CPU = Release|Any CPU
	EndGlobalSection
	GlobalSection(ProjectConfigurationPlatforms) = postSolution
		{7BD6E1ED-A37F-4995-8A5C-964A36878023}.Debug|Any CPU.ActiveCfg = Debug|Any CPU
		{7BD6E1ED-A37F-4995-8A5C-964A36878023}.Debug|Any CPU.Build.0 = Debug|Any CPU
		{7BD6E1ED-A37F-4995-8A5C-964A36878023}.Release|Any CPU.ActiveCfg = Release|Any CPU
		{7BD6E1ED-A37F-4995-8A5C-964A36878023}.Release|Any CPU.Build.0 = Release|Any CPU
	EndGlobalSection
	GlobalSection(SolutionProperties) = preSolution
		HideSolutionNode = FALSE
	EndGlobalSection
	GlobalSection(ExtensibilityGlobals) = postSolution
		SolutionGuid = {8CE398CA-907C-438D-8DC1-D1D85EF95F74}
	EndGlobalSection
EndGlobal
