
Microsoft Visual Studio Solution File, Format Version 12.00
# Visual Studio 15
VisualStudioVersion = 15.0.28010.0
MinimumVisualStudioVersion = 10.0.40219.1
Project("{FAE04EC0-301F-11D3-BF4B-00C04F79EFBC}") = "InfiniteCampusInput", "InfiniteCampusInput\InfiniteCampusInput.csproj", "{1C34F8BA-68B6-416A-A8AB-0FDD50C6B832}"
EndProject
Global
	GlobalSection(SolutionConfigurationPlatforms) = preSolution
		Debug|Any CPU = Debug|Any CPU
		Release|Any CPU = Release|Any CPU
	EndGlobalSection
	GlobalSection(ProjectConfigurationPlatforms) = postSolution
		{1C34F8BA-68B6-416A-A8AB-0FDD50C6B832}.Debug|Any CPU.ActiveCfg = Debug|Any CPU
		{1C34F8BA-68B6-416A-A8AB-0FDD50C6B832}.Debug|Any CPU.Build.0 = Debug|Any CPU
		{1C34F8BA-68B6-416A-A8AB-0FDD50C6B832}.Release|Any CPU.ActiveCfg = Release|Any CPU
		{1C34F8BA-68B6-416A-A8AB-0FDD50C6B832}.Release|Any CPU.Build.0 = Release|Any CPU
	EndGlobalSection
	GlobalSection(SolutionProperties) = preSolution
		HideSolutionNode = FALSE
	EndGlobalSection
	GlobalSection(ExtensibilityGlobals) = postSolution
		SolutionGuid = {331C4C0F-24E4-4D76-97D1-A45920B011A4}
	EndGlobalSection
EndGlobal
